<?xml version="1.0" encoding="utf-8"?>
<Project ToolsVersion="4.0" xmlns="http://schemas.microsoft.com/developer/msbuild/2003">
  <ItemGroup>
    <Filter Include="容器">
      <UniqueIdentifier>{cbdd344c-a81d-4618-af64-d9b3009e155c}</UniqueIdentifier>
    </Filter>
    <Filter Include="组件">
      <UniqueIdentifier>{9207f172-b7c9-4bf3-bc19-19d75b299972}</UniqueIdentifier>
    </Filter>
    <Filter Include="头文件">
      <UniqueIdentifier>{c48b1a22-c4da-4805-aedf-d2395c7dfdbf}</UniqueIdentifier>
    </Filter>
    <Filter Include="随时杂记">
      <UniqueIdentifier>{d93ea5a3-0d47-47f2-b15e-cb8bc14c3156}</UniqueIdentifier>
    </Filter>
    <Filter Include="可关联代理">
      <UniqueIdentifier>{e53f1871-adeb-4772-97fd-fca5cd7dbf0f}</UniqueIdentifier>
    </Filter>
    <Filter Include="可关联代理\容器代理">
      <UniqueIdentifier>{618dcfe5-3040-4eb0-be5f-88fee7a428d2}</UniqueIdentifier>
    </Filter>
    <Filter Include="可关联代理\组件代理">
      <UniqueIdentifier>{3bc572fd-a4df-4a0a-af7f-f4b785018e3a}</UniqueIdentifier>
    </Filter>
    <Filter Include="可关联代理\组件代理\关联容器">
      <UniqueIdentifier>{a805c407-b1d3-430e-80a1-d237bc501cc2}</UniqueIdentifier>
    </Filter>
    <Filter Include="可关联代理\容器代理\关联根组件">
      <UniqueIdentifier>{1e84be3c-7bcd-4adf-a57c-089753886eaa}</UniqueIdentifier>
    </Filter>
    <Filter Include="可关联代理\组件代理\关联父组件">
      <UniqueIdentifier>{474fa233-0668-4268-8ac4-1973211b2798}</UniqueIdentifier>
    </Filter>
    <Filter Include="可关联代理\组件代理\关联子组件">
      <UniqueIdentifier>{bb8182b5-2337-458a-a463-5e61469f3496}</UniqueIdentifier>
    </Filter>
  </ItemGroup>
  <ItemGroup>
    <ClCompile Include="WView.cpp">
      <Filter>组件</Filter>
    </ClCompile>
    <ClCompile Include="WContainer.cpp">
      <Filter>容器</Filter>
    </ClCompile>
    <ClCompile Include="WContainerAssociateViewProxy.cpp">
      <Filter>可关联代理\容器代理\关联根组件</Filter>
    </ClCompile>
    <ClCompile Include="WViewAssociateContainerProxy.cpp">
      <Filter>可关联代理\组件代理\关联容器</Filter>
    </ClCompile>
    <ClCompile Include="WViewAssociateParentProxy.cpp">
      <Filter>可关联代理\组件代理\关联父组件</Filter>
    </ClCompile>
    <ClCompile Include="WViewAssociateChildrenProxy.cpp">
      <Filter>可关联代理\组件代理\关联子组件</Filter>
    </ClCompile>
  </ItemGroup>
  <ItemGroup>
    <ClInclude Include="Widget.h">
      <Filter>头文件</Filter>
    </ClInclude>
    <ClInclude Include="WView.h">
      <Filter>组件</Filter>
    </ClInclude>
    <ClInclude Include="WContainer.h">
      <Filter>容器</Filter>
    </ClInclude>
    <ClInclude Include="WContainerAssociateViewProxy.h">
      <Filter>可关联代理\容器代理\关联根组件</Filter>
    </ClInclude>
    <ClInclude Include="WViewAssociateContainerProxy.h">
      <Filter>可关联代理\组件代理\关联容器</Filter>
    </ClInclude>
    <ClInclude Include="WViewAssociateParentProxy.h">
      <Filter>可关联代理\组件代理\关联父组件</Filter>
    </ClInclude>
    <ClInclude Include="WViewAssociateChildrenProxy.h">
      <Filter>可关联代理\组件代理\关联子组件</Filter>
    </ClInclude>
  </ItemGroup>
  <ItemGroup>
    <None Include="Widget System.mmap">
      <Filter>随时杂记</Filter>
    </None>
  </ItemGroup>
</Project>